
Microsoft Visual Studio Solution File, Format Version 12.00
# Visual Studio Version 17
VisualStudioVersion = 17.11.35208.52
MinimumVisualStudioVersion = 10.0.40219.1
Project("{9A19103F-16F7-4668-BE54-9A1E7A4F7556}") = "UrlShortener", "UrlShortener\UrlShortener.csproj", "{7040E91F-5B0B-453B-8398-85E2655CC449}"
EndProject
Project("{FAE04EC0-301F-11D3-BF4B-00C04F79EFBC}") = "UrlShortener.Tests", "UrlShortener.Tests\UrlShortener.Tests.csproj", "{5FE3F75F-A59A-4226-94BE-629801DBADC7}"
EndProject
Global
	GlobalSection(SolutionConfigurationPlatforms) = preSolution
		Debug|Any CPU = Debug|Any CPU
		Release|Any CPU = Release|Any CPU
	EndGlobalSection
	GlobalSection(ProjectConfigurationPlatforms) = postSolution
		{7040E91F-5B0B-453B-8398-85E2655CC449}.Debug|Any CPU.ActiveCfg = Debug|Any CPU
		{7040E91F-5B0B-453B-8398-85E2655CC449}.Debug|Any CPU.Build.0 = Debug|Any CPU
		{7040E91F-5B0B-453B-8398-85E2655CC449}.Release|Any CPU.ActiveCfg = Release|Any CPU
		{7040E91F-5B0B-453B-8398-85E2655CC449}.Release|Any CPU.Build.0 = Release|Any CPU
		{5FE3F75F-A59A-4226-94BE-629801DBADC7}.Debug|Any CPU.ActiveCfg = Debug|Any CPU
		{5FE3F75F-A59A-4226-94BE-629801DBADC7}.Debug|Any CPU.Build.0 = Debug|Any CPU
		{5FE3F75F-A59A-4226-94BE-629801DBADC7}.Release|Any CPU.ActiveCfg = Release|Any CPU
		{5FE3F75F-A59A-4226-94BE-629801DBADC7}.Release|Any CPU.Build.0 = Release|Any CPU
	EndGlobalSection
	GlobalSection(SolutionProperties) = preSolution
		HideSolutionNode = FALSE
	EndGlobalSection
	GlobalSection(ExtensibilityGlobals) = postSolution
		SolutionGuid = {D8839078-7EBE-449F-995D-F4A3F30E03F8}
	EndGlobalSection
EndGlobal
